// !$*UTF8*$!
{
	archiveVersion = 1;
	classes = {
	};
	objectVersion = 46;
	objects = {

/* Begin PBXBuildFile section */
		331FB88D7A7953B1C6EB9CA5 /* Pods_LvJing_Tests.framework in Frameworks */ = {isa = PBXBuildFile; fileRef = BFC036F1364A423056F2C5BE /* Pods_LvJing_Tests.framework */; };
		477D110813CB542248B346B7 /* Pods_LvJing_Example.framework in Frameworks */ = {isa = PBXBuildFile; fileRef = 6775C24FD185F4050A35BD4A /* Pods_LvJing_Example.framework */; };
		607FACD61AFB9204008FA782 /* AppDelegate.swift in Sources */ = {isa = PBXBuildFile; fileRef = 607FACD51AFB9204008FA782 /* AppDelegate.swift */; };
		607FACDD1AFB9204008FA782 /* Images.xcassets in Resources */ = {isa = PBXBuildFile; fileRef = 607FACDC1AFB9204008FA782 /* Images.xcassets */; };
		607FACE01AFB9204008FA782 /* LaunchScreen.xib in Resources */ = {isa = PBXBuildFile; fileRef = 607FACDE1AFB9204008FA782 /* LaunchScreen.xib */; };
		607FACEC1AFB9204008FA782 /* Tests.swift in Sources */ = {isa = PBXBuildFile; fileRef = 607FACEB1AFB9204008FA782 /* Tests.swift */; };
		EA4A58C224CC867500D462DC /* SceneDelegate.swift in Sources */ = {isa = PBXBuildFile; fileRef = EA4A58C124CC867500D462DC /* SceneDelegate.swift */; };
		EA4A58C424CC869000D462DC /* ContentView.swift in Sources */ = {isa = PBXBuildFile; fileRef = EA4A58C324CC869000D462DC /* ContentView.swift */; };
		EA4A58C624CC87A900D462DC /* AffineTransformFilter.swift in Sources */ = {isa = PBXBuildFile; fileRef = EA4A58C524CC87A900D462DC /* AffineTransformFilter.swift */; };
		EA4A58CA24CC881400D462DC /* AffineTransform.metal in Sources */ = {isa = PBXBuildFile; fileRef = EA4A58C924CC881400D462DC /* AffineTransform.metal */; };
		EA4A58CD24CC887E00D462DC /* Common.metal in Sources */ = {isa = PBXBuildFile; fileRef = EA4A58CC24CC887E00D462DC /* Common.metal */; };
		EA4A58D324CC908200D462DC /* LuminosityFilter.swift in Sources */ = {isa = PBXBuildFile; fileRef = EA4A58D224CC908100D462DC /* LuminosityFilter.swift */; };
		EA4A58D624CC909E00D462DC /* Luminosity.metal in Sources */ = {isa = PBXBuildFile; fileRef = EA4A58D524CC909E00D462DC /* Luminosity.metal */; };
		EA4A58D824CC918100D462DC /* GammaFilter.swift in Sources */ = {isa = PBXBuildFile; fileRef = EA4A58D724CC918100D462DC /* GammaFilter.swift */; };
		EA4A58DB24CC919900D462DC /* Gamma.metal in Sources */ = {isa = PBXBuildFile; fileRef = EA4A58DA24CC919900D462DC /* Gamma.metal */; };
		EA4A58DD24CC931800D462DC /* SwipeTransitionFilter.swift in Sources */ = {isa = PBXBuildFile; fileRef = EA4A58DC24CC931800D462DC /* SwipeTransitionFilter.swift */; };
		EA4A58E024CC937C00D462DC /* SwipeTransition.metal in Sources */ = {isa = PBXBuildFile; fileRef = EA4A58DF24CC937C00D462DC /* SwipeTransition.metal */; };
		EA4A58E324CC953500D462DC /* BinaryTreePreview.swift in Sources */ = {isa = PBXBuildFile; fileRef = EA4A58E224CC953500D462DC /* BinaryTreePreview.swift */; };
		EA4A58E524CC957E00D462DC /* NodeView.swift in Sources */ = {isa = PBXBuildFile; fileRef = EA4A58E424CC957E00D462DC /* NodeView.swift */; };
		EA4A58E724CC959F00D462DC /* Utilities.swift in Sources */ = {isa = PBXBuildFile; fileRef = EA4A58E624CC959F00D462DC /* Utilities.swift */; };
		EA4A58EB24CC96F800D462DC /* desert.jpg in Resources */ = {isa = PBXBuildFile; fileRef = EA4A58E924CC96F800D462DC /* desert.jpg */; };
		EA4A58EC24CC96F800D462DC /* base.jpg in Resources */ = {isa = PBXBuildFile; fileRef = EA4A58EA24CC96F800D462DC /* base.jpg */; };
/* End PBXBuildFile section */

/* Begin PBXContainerItemProxy section */
		607FACE61AFB9204008FA782 /* PBXContainerItemProxy */ = {
			isa = PBXContainerItemProxy;
			containerPortal = 607FACC81AFB9204008FA782 /* Project object */;
			proxyType = 1;
			remoteGlobalIDString = 607FACCF1AFB9204008FA782;
			remoteInfo = LvJing;
		};
/* End PBXContainerItemProxy section */

/* Begin PBXFileReference section */
		08217147700570550525FB6D /* Pods-LvJing_Tests.release.xcconfig */ = {isa = PBXFileReference; includeInIndex = 1; lastKnownFileType = text.xcconfig; name = "Pods-LvJing_Tests.release.xcconfig"; path = "Target Support Files/Pods-LvJing_Tests/Pods-LvJing_Tests.release.xcconfig"; sourceTree = "<group>"; };
		607FACD01AFB9204008FA782 /* LvJing_Example.app */ = {isa = PBXFileReference; explicitFileType = wrapper.application; includeInIndex = 0; path = LvJing_Example.app; sourceTree = BUILT_PRODUCTS_DIR; };
		607FACD41AFB9204008FA782 /* Info.plist */ = {isa = PBXFileReference; lastKnownFileType = text.plist.xml; path = Info.plist; sourceTree = "<group>"; };
		607FACD51AFB9204008FA782 /* AppDelegate.swift */ = {isa = PBXFileReference; lastKnownFileType = sourcecode.swift; path = AppDelegate.swift; sourceTree = "<group>"; };
		607FACDC1AFB9204008FA782 /* Images.xcassets */ = {isa = PBXFileReference; lastKnownFileType = folder.assetcatalog; path = Images.xcassets; sourceTree = "<group>"; };
		607FACDF1AFB9204008FA782 /* Base */ = {isa = PBXFileReference; lastKnownFileType = file.xib; name = Base; path = Base.lproj/LaunchScreen.xib; sourceTree = "<group>"; };
		607FACE51AFB9204008FA782 /* LvJing_Tests.xctest */ = {isa = PBXFileReference; explicitFileType = wrapper.cfbundle; includeInIndex = 0; path = LvJing_Tests.xctest; sourceTree = BUILT_PRODUCTS_DIR; };
		607FACEA1AFB9204008FA782 /* Info.plist */ = {isa = PBXFileReference; lastKnownFileType = text.plist.xml; path = Info.plist; sourceTree = "<group>"; };
		607FACEB1AFB9204008FA782 /* Tests.swift */ = {isa = PBXFileReference; lastKnownFileType = sourcecode.swift; path = Tests.swift; sourceTree = "<group>"; };
		66C03CC7A6E3CAFE0543E146 /* Pods-LvJing_Example.debug.xcconfig */ = {isa = PBXFileReference; includeInIndex = 1; lastKnownFileType = text.xcconfig; name = "Pods-LvJing_Example.debug.xcconfig"; path = "Target Support Files/Pods-LvJing_Example/Pods-LvJing_Example.debug.xcconfig"; sourceTree = "<group>"; };
		6775C24FD185F4050A35BD4A /* Pods_LvJing_Example.framework */ = {isa = PBXFileReference; explicitFileType = wrapper.framework; includeInIndex = 0; path = Pods_LvJing_Example.framework; sourceTree = BUILT_PRODUCTS_DIR; };
		913B9F41B8E542D8ED817F5D /* README.md */ = {isa = PBXFileReference; includeInIndex = 1; lastKnownFileType = net.daringfireball.markdown; name = README.md; path = ../README.md; sourceTree = "<group>"; };
		A56AC0525DCFB163C644C44A /* LICENSE */ = {isa = PBXFileReference; includeInIndex = 1; lastKnownFileType = text; name = LICENSE; path = ../LICENSE; sourceTree = "<group>"; };
		B0A8282B9124A742223A70C8 /* Pods-LvJing_Tests.debug.xcconfig */ = {isa = PBXFileReference; includeInIndex = 1; lastKnownFileType = text.xcconfig; name = "Pods-LvJing_Tests.debug.xcconfig"; path = "Target Support Files/Pods-LvJing_Tests/Pods-LvJing_Tests.debug.xcconfig"; sourceTree = "<group>"; };
		BFC036F1364A423056F2C5BE /* Pods_LvJing_Tests.framework */ = {isa = PBXFileReference; explicitFileType = wrapper.framework; includeInIndex = 0; path = Pods_LvJing_Tests.framework; sourceTree = BUILT_PRODUCTS_DIR; };
		DFEBA239F12D2588B658CF91 /* LvJing.podspec */ = {isa = PBXFileReference; includeInIndex = 1; lastKnownFileType = text; name = LvJing.podspec; path = ../LvJing.podspec; sourceTree = "<group>"; xcLanguageSpecificationIdentifier = xcode.lang.ruby; };
		EA4A58C024CC863800D462DC /* LvJing_Example.entitlements */ = {isa = PBXFileReference; lastKnownFileType = text.plist.entitlements; path = LvJing_Example.entitlements; sourceTree = "<group>"; };
		EA4A58C124CC867500D462DC /* SceneDelegate.swift */ = {isa = PBXFileReference; lastKnownFileType = sourcecode.swift; path = SceneDelegate.swift; sourceTree = "<group>"; };
		EA4A58C324CC869000D462DC /* ContentView.swift */ = {isa = PBXFileReference; lastKnownFileType = sourcecode.swift; path = ContentView.swift; sourceTree = "<group>"; };
		EA4A58C524CC87A900D462DC /* AffineTransformFilter.swift */ = {isa = PBXFileReference; lastKnownFileType = sourcecode.swift; path = AffineTransformFilter.swift; sourceTree = "<group>"; };
		EA4A58C924CC881400D462DC /* AffineTransform.metal */ = {isa = PBXFileReference; lastKnownFileType = sourcecode.metal; path = AffineTransform.metal; sourceTree = "<group>"; };
		EA4A58CB24CC887400D462DC /* Common.h */ = {isa = PBXFileReference; lastKnownFileType = sourcecode.c.h; path = Common.h; sourceTree = "<group>"; };
		EA4A58CC24CC887E00D462DC /* Common.metal */ = {isa = PBXFileReference; lastKnownFileType = sourcecode.metal; path = Common.metal; sourceTree = "<group>"; };
		EA4A58CE24CC8D3400D462DC /* AffineTransform.h */ = {isa = PBXFileReference; lastKnownFileType = sourcecode.c.h; path = AffineTransform.h; sourceTree = "<group>"; };
		EA4A58D224CC908100D462DC /* LuminosityFilter.swift */ = {isa = PBXFileReference; lastKnownFileType = sourcecode.swift; path = LuminosityFilter.swift; sourceTree = "<group>"; };
		EA4A58D524CC909E00D462DC /* Luminosity.metal */ = {isa = PBXFileReference; lastKnownFileType = sourcecode.metal; path = Luminosity.metal; sourceTree = "<group>"; };
		EA4A58D724CC918100D462DC /* GammaFilter.swift */ = {isa = PBXFileReference; lastKnownFileType = sourcecode.swift; path = GammaFilter.swift; sourceTree = "<group>"; };
		EA4A58DA24CC919900D462DC /* Gamma.metal */ = {isa = PBXFileReference; lastKnownFileType = sourcecode.metal; path = Gamma.metal; sourceTree = "<group>"; };
		EA4A58DC24CC931800D462DC /* SwipeTransitionFilter.swift */ = {isa = PBXFileReference; lastKnownFileType = sourcecode.swift; path = SwipeTransitionFilter.swift; sourceTree = "<group>"; };
		EA4A58DF24CC937C00D462DC /* SwipeTransition.metal */ = {isa = PBXFileReference; lastKnownFileType = sourcecode.metal; path = SwipeTransition.metal; sourceTree = "<group>"; };
		EA4A58E224CC953500D462DC /* BinaryTreePreview.swift */ = {isa = PBXFileReference; lastKnownFileType = sourcecode.swift; path = BinaryTreePreview.swift; sourceTree = "<group>"; };
		EA4A58E424CC957E00D462DC /* NodeView.swift */ = {isa = PBXFileReference; lastKnownFileType = sourcecode.swift; path = NodeView.swift; sourceTree = "<group>"; };
		EA4A58E624CC959F00D462DC /* Utilities.swift */ = {isa = PBXFileReference; lastKnownFileType = sourcecode.swift; path = Utilities.swift; sourceTree = "<group>"; };
		EA4A58E924CC96F800D462DC /* desert.jpg */ = {isa = PBXFileReference; lastKnownFileType = image.jpeg; path = desert.jpg; sourceTree = "<group>"; };
		EA4A58EA24CC96F800D462DC /* base.jpg */ = {isa = PBXFileReference; lastKnownFileType = image.jpeg; path = base.jpg; sourceTree = "<group>"; };
		FC567B563762CAE0A16161E4 /* Pods-LvJing_Example.release.xcconfig */ = {isa = PBXFileReference; includeInIndex = 1; lastKnownFileType = text.xcconfig; name = "Pods-LvJing_Example.release.xcconfig"; path = "Target Support Files/Pods-LvJing_Example/Pods-LvJing_Example.release.xcconfig"; sourceTree = "<group>"; };
/* End PBXFileReference section */

/* Begin PBXFrameworksBuildPhase section */
		607FACCD1AFB9204008FA782 /* Frameworks */ = {
			isa = PBXFrameworksBuildPhase;
			buildActionMask = 2147483647;
			files = (
				477D110813CB542248B346B7 /* Pods_LvJing_Example.framework in Frameworks */,
			);
			runOnlyForDeploymentPostprocessing = 0;
		};
		607FACE21AFB9204008FA782 /* Frameworks */ = {
			isa = PBXFrameworksBuildPhase;
			buildActionMask = 2147483647;
			files = (
				331FB88D7A7953B1C6EB9CA5 /* Pods_LvJing_Tests.framework in Frameworks */,
			);
			runOnlyForDeploymentPostprocessing = 0;
		};
/* End PBXFrameworksBuildPhase section */

/* Begin PBXGroup section */
		607FACC71AFB9204008FA782 = {
			isa = PBXGroup;
			children = (
				EA4A58C024CC863800D462DC /* LvJing_Example.entitlements */,
				607FACF51AFB993E008FA782 /* Podspec Metadata */,
				607FACD21AFB9204008FA782 /* Example for LvJing */,
				607FACE81AFB9204008FA782 /* Tests */,
				607FACD11AFB9204008FA782 /* Products */,
				EAF3D414174AB1EA7CD9B23E /* Pods */,
				8DB3C9A0C6F26276C96ADEFC /* Frameworks */,
			);
			sourceTree = "<group>";
		};
		607FACD11AFB9204008FA782 /* Products */ = {
			isa = PBXGroup;
			children = (
				607FACD01AFB9204008FA782 /* LvJing_Example.app */,
				607FACE51AFB9204008FA782 /* LvJing_Tests.xctest */,
			);
			name = Products;
			sourceTree = "<group>";
		};
		607FACD21AFB9204008FA782 /* Example for LvJing */ = {
			isa = PBXGroup;
			children = (
				607FACD51AFB9204008FA782 /* AppDelegate.swift */,
				EA4A58C124CC867500D462DC /* SceneDelegate.swift */,
				EA4A58C324CC869000D462DC /* ContentView.swift */,
				EA4A58E824CC96AB00D462DC /* Preview */,
				EA4A58ED24CC9CFE00D462DC /* Common */,
				EA4A58DE24CC931C00D462DC /* SwipeTransitionFilter */,
				EA4A58D924CC918500D462DC /* GammaFilter */,
				EA4A58D424CC908700D462DC /* LuminosityFilter */,
				EA4A58C824CC87C400D462DC /* AffineTransformFilter */,
				607FACDC1AFB9204008FA782 /* Images.xcassets */,
				607FACDE1AFB9204008FA782 /* LaunchScreen.xib */,
				607FACD31AFB9204008FA782 /* Supporting Files */,
			);
			name = "Example for LvJing";
			path = LvJing;
			sourceTree = "<group>";
		};
		607FACD31AFB9204008FA782 /* Supporting Files */ = {
			isa = PBXGroup;
			children = (
				607FACD41AFB9204008FA782 /* Info.plist */,
			);
			name = "Supporting Files";
			sourceTree = "<group>";
		};
		607FACE81AFB9204008FA782 /* Tests */ = {
			isa = PBXGroup;
			children = (
				607FACEB1AFB9204008FA782 /* Tests.swift */,
				607FACE91AFB9204008FA782 /* Supporting Files */,
			);
			path = Tests;
			sourceTree = "<group>";
		};
		607FACE91AFB9204008FA782 /* Supporting Files */ = {
			isa = PBXGroup;
			children = (
				607FACEA1AFB9204008FA782 /* Info.plist */,
			);
			name = "Supporting Files";
			sourceTree = "<group>";
		};
		607FACF51AFB993E008FA782 /* Podspec Metadata */ = {
			isa = PBXGroup;
			children = (
				DFEBA239F12D2588B658CF91 /* LvJing.podspec */,
				913B9F41B8E542D8ED817F5D /* README.md */,
				A56AC0525DCFB163C644C44A /* LICENSE */,
			);
			name = "Podspec Metadata";
			sourceTree = "<group>";
		};
		8DB3C9A0C6F26276C96ADEFC /* Frameworks */ = {
			isa = PBXGroup;
			children = (
				6775C24FD185F4050A35BD4A /* Pods_LvJing_Example.framework */,
				BFC036F1364A423056F2C5BE /* Pods_LvJing_Tests.framework */,
			);
			name = Frameworks;
			sourceTree = "<group>";
		};
		EA4A58C824CC87C400D462DC /* AffineTransformFilter */ = {
			isa = PBXGroup;
			children = (
				EA4A58C524CC87A900D462DC /* AffineTransformFilter.swift */,
				EA4A58CE24CC8D3400D462DC /* AffineTransform.h */,
				EA4A58C924CC881400D462DC /* AffineTransform.metal */,
			);
			path = AffineTransformFilter;
			sourceTree = "<group>";
		};
		EA4A58D424CC908700D462DC /* LuminosityFilter */ = {
			isa = PBXGroup;
			children = (
				EA4A58D224CC908100D462DC /* LuminosityFilter.swift */,
				EA4A58D524CC909E00D462DC /* Luminosity.metal */,
			);
			path = LuminosityFilter;
			sourceTree = "<group>";
		};
		EA4A58D924CC918500D462DC /* GammaFilter */ = {
			isa = PBXGroup;
			children = (
				EA4A58D724CC918100D462DC /* GammaFilter.swift */,
				EA4A58DA24CC919900D462DC /* Gamma.metal */,
			);
			path = GammaFilter;
			sourceTree = "<group>";
		};
		EA4A58DE24CC931C00D462DC /* SwipeTransitionFilter */ = {
			isa = PBXGroup;
			children = (
				EA4A58DC24CC931800D462DC /* SwipeTransitionFilter.swift */,
				EA4A58DF24CC937C00D462DC /* SwipeTransition.metal */,
			);
			path = SwipeTransitionFilter;
			sourceTree = "<group>";
		};
		EA4A58E824CC96AB00D462DC /* Preview */ = {
			isa = PBXGroup;
			children = (
				EA4A58EA24CC96F800D462DC /* base.jpg */,
				EA4A58E924CC96F800D462DC /* desert.jpg */,
				EA4A58E224CC953500D462DC /* BinaryTreePreview.swift */,
				EA4A58E424CC957E00D462DC /* NodeView.swift */,
				EA4A58E624CC959F00D462DC /* Utilities.swift */,
			);
			path = Preview;
			sourceTree = "<group>";
		};
		EA4A58ED24CC9CFE00D462DC /* Common */ = {
			isa = PBXGroup;
			children = (
				EA4A58CB24CC887400D462DC /* Common.h */,
				EA4A58CC24CC887E00D462DC /* Common.metal */,
			);
			path = Common;
			sourceTree = "<group>";
		};
		EAF3D414174AB1EA7CD9B23E /* Pods */ = {
			isa = PBXGroup;
			children = (
				66C03CC7A6E3CAFE0543E146 /* Pods-LvJing_Example.debug.xcconfig */,
				FC567B563762CAE0A16161E4 /* Pods-LvJing_Example.release.xcconfig */,
				B0A8282B9124A742223A70C8 /* Pods-LvJing_Tests.debug.xcconfig */,
				08217147700570550525FB6D /* Pods-LvJing_Tests.release.xcconfig */,
			);
			path = Pods;
			sourceTree = "<group>";
		};
/* End PBXGroup section */

/* Begin PBXNativeTarget section */
		607FACCF1AFB9204008FA782 /* LvJing_Example */ = {
			isa = PBXNativeTarget;
			buildConfigurationList = 607FACEF1AFB9204008FA782 /* Build configuration list for PBXNativeTarget "LvJing_Example" */;
			buildPhases = (
				D9CE233BB48735C865B0B374 /* [CP] Check Pods Manifest.lock */,
				607FACCC1AFB9204008FA782 /* Sources */,
				607FACCD1AFB9204008FA782 /* Frameworks */,
				607FACCE1AFB9204008FA782 /* Resources */,
			);
			buildRules = (
			);
			dependencies = (
			);
			name = LvJing_Example;
			productName = LvJing;
			productReference = 607FACD01AFB9204008FA782 /* LvJing_Example.app */;
			productType = "com.apple.product-type.application";
		};
		607FACE41AFB9204008FA782 /* LvJing_Tests */ = {
			isa = PBXNativeTarget;
			buildConfigurationList = 607FACF21AFB9204008FA782 /* Build configuration list for PBXNativeTarget "LvJing_Tests" */;
			buildPhases = (
				BDCD0D646F82A3BC4B81C985 /* [CP] Check Pods Manifest.lock */,
				607FACE11AFB9204008FA782 /* Sources */,
				607FACE21AFB9204008FA782 /* Frameworks */,
				607FACE31AFB9204008FA782 /* Resources */,
				35373BCDC0DD14557432F7E0 /* [CP] Embed Pods Frameworks */,
			);
			buildRules = (
			);
			dependencies = (
				607FACE71AFB9204008FA782 /* PBXTargetDependency */,
			);
			name = LvJing_Tests;
			productName = Tests;
			productReference = 607FACE51AFB9204008FA782 /* LvJing_Tests.xctest */;
			productType = "com.apple.product-type.bundle.unit-test";
		};
/* End PBXNativeTarget section */

/* Begin PBXProject section */
		607FACC81AFB9204008FA782 /* Project object */ = {
			isa = PBXProject;
			attributes = {
				LastSwiftUpdateCheck = 0830;
				LastUpgradeCheck = 0830;
				ORGANIZATIONNAME = CocoaPods;
				TargetAttributes = {
					607FACCF1AFB9204008FA782 = {
						CreatedOnToolsVersion = 6.3.1;
						DevelopmentTeam = JQH3D93TFY;
						LastSwiftMigration = 0900;
					};
					607FACE41AFB9204008FA782 = {
						CreatedOnToolsVersion = 6.3.1;
						LastSwiftMigration = 0900;
						TestTargetID = 607FACCF1AFB9204008FA782;
					};
				};
			};
			buildConfigurationList = 607FACCB1AFB9204008FA782 /* Build configuration list for PBXProject "LvJing" */;
			compatibilityVersion = "Xcode 3.2";
			developmentRegion = English;
			hasScannedForEncodings = 0;
			knownRegions = (
				English,
				en,
				Base,
			);
			mainGroup = 607FACC71AFB9204008FA782;
			productRefGroup = 607FACD11AFB9204008FA782 /* Products */;
			projectDirPath = "";
			projectRoot = "";
			targets = (
				607FACCF1AFB9204008FA782 /* LvJing_Example */,
				607FACE41AFB9204008FA782 /* LvJing_Tests */,
			);
		};
/* End PBXProject section */

/* Begin PBXResourcesBuildPhase section */
		607FACCE1AFB9204008FA782 /* Resources */ = {
			isa = PBXResourcesBuildPhase;
			buildActionMask = 2147483647;
			files = (
				607FACE01AFB9204008FA782 /* LaunchScreen.xib in Resources */,
				607FACDD1AFB9204008FA782 /* Images.xcassets in Resources */,
				EA4A58EC24CC96F800D462DC /* base.jpg in Resources */,
				EA4A58EB24CC96F800D462DC /* desert.jpg in Resources */,
			);
			runOnlyForDeploymentPostprocessing = 0;
		};
		607FACE31AFB9204008FA782 /* Resources */ = {
			isa = PBXResourcesBuildPhase;
			buildActionMask = 2147483647;
			files = (
			);
			runOnlyForDeploymentPostprocessing = 0;
		};
/* End PBXResourcesBuildPhase section */

/* Begin PBXShellScriptBuildPhase section */
		35373BCDC0DD14557432F7E0 /* [CP] Embed Pods Frameworks */ = {
			isa = PBXShellScriptBuildPhase;
			buildActionMask = 2147483647;
			files = (
			);
			inputPaths = (
				"${PODS_ROOT}/Target Support Files/Pods-LvJing_Tests/Pods-LvJing_Tests-frameworks.sh",
				"${BUILT_PRODUCTS_DIR}/FBSnapshotTestCase/FBSnapshotTestCase.framework",
				"${BUILT_PRODUCTS_DIR}/Nimble/Nimble.framework",
				"${BUILT_PRODUCTS_DIR}/Nimble-Snapshots/Nimble_Snapshots.framework",
				"${BUILT_PRODUCTS_DIR}/Quick/Quick.framework",
			);
			name = "[CP] Embed Pods Frameworks";
			outputPaths = (
				"${TARGET_BUILD_DIR}/${FRAMEWORKS_FOLDER_PATH}/FBSnapshotTestCase.framework",
				"${TARGET_BUILD_DIR}/${FRAMEWORKS_FOLDER_PATH}/Nimble.framework",
				"${TARGET_BUILD_DIR}/${FRAMEWORKS_FOLDER_PATH}/Nimble_Snapshots.framework",
				"${TARGET_BUILD_DIR}/${FRAMEWORKS_FOLDER_PATH}/Quick.framework",
			);
			runOnlyForDeploymentPostprocessing = 0;
			shellPath = /bin/sh;
			shellScript = "\"${PODS_ROOT}/Target Support Files/Pods-LvJing_Tests/Pods-LvJing_Tests-frameworks.sh\"\n";
			showEnvVarsInLog = 0;
		};
		BDCD0D646F82A3BC4B81C985 /* [CP] Check Pods Manifest.lock */ = {
			isa = PBXShellScriptBuildPhase;
			buildActionMask = 2147483647;
			files = (
			);
			inputFileListPaths = (
			);
			inputPaths = (
				"${PODS_PODFILE_DIR_PATH}/Podfile.lock",
				"${PODS_ROOT}/Manifest.lock",
			);
			name = "[CP] Check Pods Manifest.lock";
			outputFileListPaths = (
			);
			outputPaths = (
				"$(DERIVED_FILE_DIR)/Pods-LvJing_Tests-checkManifestLockResult.txt",
			);
			runOnlyForDeploymentPostprocessing = 0;
			shellPath = /bin/sh;
			shellScript = "diff \"${PODS_PODFILE_DIR_PATH}/Podfile.lock\" \"${PODS_ROOT}/Manifest.lock\" > /dev/null\nif [ $? != 0 ] ; then\n    # print error to STDERR\n    echo \"error: The sandbox is not in sync with the Podfile.lock. Run 'pod install' or update your CocoaPods installation.\" >&2\n    exit 1\nfi\n# This output is used by Xcode 'outputs' to avoid re-running this script phase.\necho \"SUCCESS\" > \"${SCRIPT_OUTPUT_FILE_0}\"\n";
			showEnvVarsInLog = 0;
		};
		D9CE233BB48735C865B0B374 /* [CP] Check Pods Manifest.lock */ = {
			isa = PBXShellScriptBuildPhase;
			buildActionMask = 2147483647;
			files = (
			);
			inputFileListPaths = (
			);
			inputPaths = (
				"${PODS_PODFILE_DIR_PATH}/Podfile.lock",
				"${PODS_ROOT}/Manifest.lock",
			);
			name = "[CP] Check Pods Manifest.lock";
			outputFileListPaths = (
			);
			outputPaths = (
				"$(DERIVED_FILE_DIR)/Pods-LvJing_Example-checkManifestLockResult.txt",
			);
			runOnlyForDeploymentPostprocessing = 0;
			shellPath = /bin/sh;
			shellScript = "diff \"${PODS_PODFILE_DIR_PATH}/Podfile.lock\" \"${PODS_ROOT}/Manifest.lock\" > /dev/null\nif [ $? != 0 ] ; then\n    # print error to STDERR\n    echo \"error: The sandbox is not in sync with the Podfile.lock. Run 'pod install' or update your CocoaPods installation.\" >&2\n    exit 1\nfi\n# This output is used by Xcode 'outputs' to avoid re-running this script phase.\necho \"SUCCESS\" > \"${SCRIPT_OUTPUT_FILE_0}\"\n";
			showEnvVarsInLog = 0;
		};
/* End PBXShellScriptBuildPhase section */

/* Begin PBXSourcesBuildPhase section */
		607FACCC1AFB9204008FA782 /* Sources */ = {
			isa = PBXSourcesBuildPhase;
			buildActionMask = 2147483647;
			files = (
				607FACD61AFB9204008FA782 /* AppDelegate.swift in Sources */,
				EA4A58E024CC937C00D462DC /* SwipeTransition.metal in Sources */,
				EA4A58DD24CC931800D462DC /* SwipeTransitionFilter.swift in Sources */,
				EA4A58E724CC959F00D462DC /* Utilities.swift in Sources */,
				EA4A58D824CC918100D462DC /* GammaFilter.swift in Sources */,
				EA4A58CA24CC881400D462DC /* AffineTransform.metal in Sources */,
				EA4A58DB24CC919900D462DC /* Gamma.metal in Sources */,
				EA4A58CD24CC887E00D462DC /* Common.metal in Sources */,
				EA4A58C624CC87A900D462DC /* AffineTransformFilter.swift in Sources */,
				EA4A58C424CC869000D462DC /* ContentView.swift in Sources */,
				EA4A58D324CC908200D462DC /* LuminosityFilter.swift in Sources */,
				EA4A58D624CC909E00D462DC /* Luminosity.metal in Sources */,
				EA4A58C224CC867500D462DC /* SceneDelegate.swift in Sources */,
				EA4A58E524CC957E00D462DC /* NodeView.swift in Sources */,
				EA4A58E324CC953500D462DC /* BinaryTreePreview.swift in Sources */,
			);
			runOnlyForDeploymentPostprocessing = 0;
		};
		607FACE11AFB9204008FA782 /* Sources */ = {
			isa = PBXSourcesBuildPhase;
			buildActionMask = 2147483647;
			files = (
				607FACEC1AFB9204008FA782 /* Tests.swift in Sources */,
			);
			runOnlyForDeploymentPostprocessing = 0;
		};
/* End PBXSourcesBuildPhase section */

/* Begin PBXTargetDependency section */
		607FACE71AFB9204008FA782 /* PBXTargetDependency */ = {
			isa = PBXTargetDependency;
			target = 607FACCF1AFB9204008FA782 /* LvJing_Example */;
			targetProxy = 607FACE61AFB9204008FA782 /* PBXContainerItemProxy */;
		};
/* End PBXTargetDependency section */

/* Begin PBXVariantGroup section */
		607FACDE1AFB9204008FA782 /* LaunchScreen.xib */ = {
			isa = PBXVariantGroup;
			children = (
				607FACDF1AFB9204008FA782 /* Base */,
			);
			name = LaunchScreen.xib;
			sourceTree = "<group>";
		};
/* End PBXVariantGroup section */

/* Begin XCBuildConfiguration section */
		607FACED1AFB9204008FA782 /* Debug */ = {
			isa = XCBuildConfiguration;
			buildSettings = {
				ALWAYS_SEARCH_USER_PATHS = NO;
				CLANG_CXX_LANGUAGE_STANDARD = "gnu++0x";
				CLANG_CXX_LIBRARY = "libc++";
				CLANG_ENABLE_MODULES = YES;
				CLANG_ENABLE_OBJC_ARC = YES;
				CLANG_WARN_BLOCK_CAPTURE_AUTORELEASING = YES;
				CLANG_WARN_BOOL_CONVERSION = YES;
				CLANG_WARN_COMMA = YES;
				CLANG_WARN_CONSTANT_CONVERSION = YES;
				CLANG_WARN_DIRECT_OBJC_ISA_USAGE = YES_ERROR;
				CLANG_WARN_EMPTY_BODY = YES;
				CLANG_WARN_ENUM_CONVERSION = YES;
				CLANG_WARN_INFINITE_RECURSION = YES;
				CLANG_WARN_INT_CONVERSION = YES;
				CLANG_WARN_NON_LITERAL_NULL_CONVERSION = YES;
				CLANG_WARN_OBJC_LITERAL_CONVERSION = YES;
				CLANG_WARN_OBJC_ROOT_CLASS = YES_ERROR;
				CLANG_WARN_RANGE_LOOP_ANALYSIS = YES;
				CLANG_WARN_STRICT_PROTOTYPES = YES;
				CLANG_WARN_SUSPICIOUS_MOVE = YES;
				CLANG_WARN_UNREACHABLE_CODE = YES;
				CLANG_WARN__DUPLICATE_METHOD_MATCH = YES;
				"CODE_SIGN_IDENTITY[sdk=iphoneos*]" = "iPhone Developer";
				COPY_PHASE_STRIP = NO;
				DEBUG_INFORMATION_FORMAT = "dwarf-with-dsym";
				ENABLE_STRICT_OBJC_MSGSEND = YES;
				ENABLE_TESTABILITY = YES;
				GCC_C_LANGUAGE_STANDARD = gnu99;
				GCC_DYNAMIC_NO_PIC = NO;
				GCC_NO_COMMON_BLOCKS = YES;
				GCC_OPTIMIZATION_LEVEL = 0;
				GCC_PREPROCESSOR_DEFINITIONS = (
					"DEBUG=1",
					"$(inherited)",
				);
				GCC_SYMBOLS_PRIVATE_EXTERN = NO;
				GCC_WARN_64_TO_32_BIT_CONVERSION = YES;
				GCC_WARN_ABOUT_RETURN_TYPE = YES_ERROR;
				GCC_WARN_UNDECLARED_SELECTOR = YES;
				GCC_WARN_UNINITIALIZED_AUTOS = YES_AGGRESSIVE;
				GCC_WARN_UNUSED_FUNCTION = YES;
				GCC_WARN_UNUSED_VARIABLE = YES;
				IPHONEOS_DEPLOYMENT_TARGET = 9.3;
				MTL_ENABLE_DEBUG_INFO = YES;
				ONLY_ACTIVE_ARCH = YES;
				SDKROOT = iphoneos;
				SWIFT_OPTIMIZATION_LEVEL = "-Onone";
			};
			name = Debug;
		};
		607FACEE1AFB9204008FA782 /* Release */ = {
			isa = XCBuildConfiguration;
			buildSettings = {
				ALWAYS_SEARCH_USER_PATHS = NO;
				CLANG_CXX_LANGUAGE_STANDARD = "gnu++0x";
				CLANG_CXX_LIBRARY = "libc++";
				CLANG_ENABLE_MODULES = YES;
				CLANG_ENABLE_OBJC_ARC = YES;
				CLANG_WARN_BLOCK_CAPTURE_AUTORELEASING = YES;
				CLANG_WARN_BOOL_CONVERSION = YES;
				CLANG_WARN_COMMA = YES;
				CLANG_WARN_CONSTANT_CONVERSION = YES;
				CLANG_WARN_DIRECT_OBJC_ISA_USAGE = YES_ERROR;
				CLANG_WARN_EMPTY_BODY = YES;
				CLANG_WARN_ENUM_CONVERSION = YES;
				CLANG_WARN_INFINITE_RECURSION = YES;
				CLANG_WARN_INT_CONVERSION = YES;
				CLANG_WARN_NON_LITERAL_NULL_CONVERSION = YES;
				CLANG_WARN_OBJC_LITERAL_CONVERSION = YES;
				CLANG_WARN_OBJC_ROOT_CLASS = YES_ERROR;
				CLANG_WARN_RANGE_LOOP_ANALYSIS = YES;
				CLANG_WARN_STRICT_PROTOTYPES = YES;
				CLANG_WARN_SUSPICIOUS_MOVE = YES;
				CLANG_WARN_UNREACHABLE_CODE = YES;
				CLANG_WARN__DUPLICATE_METHOD_MATCH = YES;
				"CODE_SIGN_IDENTITY[sdk=iphoneos*]" = "iPhone Developer";
				COPY_PHASE_STRIP = NO;
				DEBUG_INFORMATION_FORMAT = "dwarf-with-dsym";
				ENABLE_NS_ASSERTIONS = NO;
				ENABLE_STRICT_OBJC_MSGSEND = YES;
				GCC_C_LANGUAGE_STANDARD = gnu99;
				GCC_NO_COMMON_BLOCKS = YES;
				GCC_WARN_64_TO_32_BIT_CONVERSION = YES;
				GCC_WARN_ABOUT_RETURN_TYPE = YES_ERROR;
				GCC_WARN_UNDECLARED_SELECTOR = YES;
				GCC_WARN_UNINITIALIZED_AUTOS = YES_AGGRESSIVE;
				GCC_WARN_UNUSED_FUNCTION = YES;
				GCC_WARN_UNUSED_VARIABLE = YES;
				IPHONEOS_DEPLOYMENT_TARGET = 9.3;
				MTL_ENABLE_DEBUG_INFO = NO;
				SDKROOT = iphoneos;
				SWIFT_OPTIMIZATION_LEVEL = "-Owholemodule";
				VALIDATE_PRODUCT = YES;
			};
			name = Release;
		};
		607FACF01AFB9204008FA782 /* Debug */ = {
			isa = XCBuildConfiguration;
			baseConfigurationReference = 66C03CC7A6E3CAFE0543E146 /* Pods-LvJing_Example.debug.xcconfig */;
			buildSettings = {
				ASSETCATALOG_COMPILER_APPICON_NAME = AppIcon;
				CODE_SIGN_ENTITLEMENTS = LvJing_Example.entitlements;
				DEVELOPMENT_TEAM = JQH3D93TFY;
				INFOPLIST_FILE = LvJing/Info.plist;
				IPHONEOS_DEPLOYMENT_TARGET = 13.0;
				LD_RUNPATH_SEARCH_PATHS = "$(inherited) @executable_path/Frameworks";
				MODULE_NAME = ExampleApp;
				PRODUCT_BUNDLE_IDENTIFIER = "org.cocoapods.demo.$(PRODUCT_NAME:rfc1034identifier)";
				PRODUCT_NAME = "$(TARGET_NAME)";
				SUPPORTS_MACCATALYST = YES;
				SWIFT_OBJC_BRIDGING_HEADER = LvJing/Common/Common.h;
				SWIFT_SWIFT3_OBJC_INFERENCE = Default;
				SWIFT_VERSION = 4.0;
				TARGETED_DEVICE_FAMILY = "1,2";
			};
			name = Debug;
		};
		607FACF11AFB9204008FA782 /* Release */ = {
			isa = XCBuildConfiguration;
			baseConfigurationReference = FC567B563762CAE0A16161E4 /* Pods-LvJing_Example.release.xcconfig */;
			buildSettings = {
				ASSETCATALOG_COMPILER_APPICON_NAME = AppIcon;
				CODE_SIGN_ENTITLEMENTS = LvJing_Example.entitlements;
				DEVELOPMENT_TEAM = JQH3D93TFY;
				INFOPLIST_FILE = LvJing/Info.plist;
				IPHONEOS_DEPLOYMENT_TARGET = 13.0;
				LD_RUNPATH_SEARCH_PATHS = "$(inherited) @executable_path/Frameworks";
				MODULE_NAME = ExampleApp;
				PRODUCT_BUNDLE_IDENTIFIER = "org.cocoapods.demo.$(PRODUCT_NAME:rfc1034identifier)";
				PRODUCT_NAME = "$(TARGET_NAME)";
				SUPPORTS_MACCATALYST = YES;
				SWIFT_OBJC_BRIDGING_HEADER = LvJing/Common/Common.h;
				SWIFT_SWIFT3_OBJC_INFERENCE = Default;
				SWIFT_VERSION = 4.0;
				TARGETED_DEVICE_FAMILY = "1,2";
			};
			name = Release;
		};
		607FACF31AFB9204008FA782 /* Debug */ = {
			isa = XCBuildConfiguration;
			baseConfigurationReference = B0A8282B9124A742223A70C8 /* Pods-LvJing_Tests.debug.xcconfig */;
			buildSettings = {
				FRAMEWORK_SEARCH_PATHS = (
					"$(PLATFORM_DIR)/Developer/Library/Frameworks",
					"$(inherited)",
				);
				GCC_PREPROCESSOR_DEFINITIONS = (
					"DEBUG=1",
					"$(inherited)",
				);
				INFOPLIST_FILE = Tests/Info.plist;
				LD_RUNPATH_SEARCH_PATHS = "$(inherited) @executable_path/Frameworks @loader_path/Frameworks";
				PRODUCT_BUNDLE_IDENTIFIER = "org.cocoapods.$(PRODUCT_NAME:rfc1034identifier)";
				PRODUCT_NAME = "$(TARGET_NAME)";
				SWIFT_SWIFT3_OBJC_INFERENCE = Default;
				SWIFT_VERSION = 4.0;
				TEST_HOST = "$(BUILT_PRODUCTS_DIR)/LvJing_Example.app/LvJing_Example";
			};
			name = Debug;
		};
		607FACF41AFB9204008FA782 /* Release */ = {
			isa = XCBuildConfiguration;
			baseConfigurationReference = 08217147700570550525FB6D /* Pods-LvJing_Tests.release.xcconfig */;
			buildSettings = {
				FRAMEWORK_SEARCH_PATHS = (
					"$(PLATFORM_DIR)/Developer/Library/Frameworks",
					"$(inherited)",
				);
				INFOPLIST_FILE = Tests/Info.plist;
				LD_RUNPATH_SEARCH_PATHS = "$(inherited) @executable_path/Frameworks @loader_path/Frameworks";
				PRODUCT_BUNDLE_IDENTIFIER = "org.cocoapods.$(PRODUCT_NAME:rfc1034identifier)";
				PRODUCT_NAME = "$(TARGET_NAME)";
				SWIFT_SWIFT3_OBJC_INFERENCE = Default;
				SWIFT_VERSION = 4.0;
				TEST_HOST = "$(BUILT_PRODUCTS_DIR)/LvJing_Example.app/LvJing_Example";
			};
			name = Release;
		};
/* End XCBuildConfiguration section */

/* Begin XCConfigurationList section */
		607FACCB1AFB9204008FA782 /* Build configuration list for PBXProject "LvJing" */ = {
			isa = XCConfigurationList;
			buildConfigurations = (
				607FACED1AFB9204008FA782 /* Debug */,
				607FACEE1AFB9204008FA782 /* Release */,
			);
			defaultConfigurationIsVisible = 0;
			defaultConfigurationName = Release;
		};
		607FACEF1AFB9204008FA782 /* Build configuration list for PBXNativeTarget "LvJing_Example" */ = {
			isa = XCConfigurationList;
			buildConfigurations = (
				607FACF01AFB9204008FA782 /* Debug */,
				607FACF11AFB9204008FA782 /* Release */,
			);
			defaultConfigurationIsVisible = 0;
			defaultConfigurationName = Release;
		};
		607FACF21AFB9204008FA782 /* Build configuration list for PBXNativeTarget "LvJing_Tests" */ = {
			isa = XCConfigurationList;
			buildConfigurations = (
				607FACF31AFB9204008FA782 /* Debug */,
				607FACF41AFB9204008FA782 /* Release */,
			);
			defaultConfigurationIsVisible = 0;
			defaultConfigurationName = Release;
		};
/* End XCConfigurationList section */
	};
	rootObject = 607FACC81AFB9204008FA782 /* Project object */;
}
